{
  "name": "quill-delta-render",
  "version": "0.0.0",
  "lockfileVersion": 1,
  "requires": true,
  "dependencies": {
    "quill-delta-to-html": {
      "version": "0.10.7",
      "resolved": "https://registry.npmjs.org/quill-delta-to-html/-/quill-delta-to-html-0.10.7.tgz",
      "integrity": "sha512-fVVHgH0ic3Og4OuZapL0Z3VZt8FM55bP0O2bDCryrA/jUDaM16r7pNMWk+2aeWZT26qULrMjqtGp7Uqbw97XCQ=="
    }
  }
}
